
Microsoft Visual Studio Solution File, Format Version 12.00
# Visual Studio Version 16
VisualStudioVersion = 16.0.32106.194
MinimumVisualStudioVersion = 10.0.40219.1
Project("{FAE04EC0-301F-11D3-BF4B-00C04F79EFBC}") = "CSharp_SWEng_A1", "CSharp_SWEng_A1\CSharp_SWEng_A1.csproj", "{CFCB97BD-629D-43BB-81B4-9718C5FC3768}"
EndProject
Global
	GlobalSection(SolutionConfigurationPlatforms) = preSolution
		Debug|Any CPU = Debug|Any CPU
		Release|Any CPU = Release|Any CPU
	EndGlobalSection
	GlobalSection(ProjectConfigurationPlatforms) = postSolution
		{CFCB97BD-629D-43BB-81B4-9718C5FC3768}.Debug|Any CPU.ActiveCfg = Debug|Any CPU
		{CFCB97BD-629D-43BB-81B4-9718C5FC3768}.Debug|Any CPU.Build.0 = Debug|Any CPU
		{CFCB97BD-629D-43BB-81B4-9718C5FC3768}.Release|Any CPU.ActiveCfg = Release|Any CPU
		{CFCB97BD-629D-43BB-81B4-9718C5FC3768}.Release|Any CPU.Build.0 = Release|Any CPU
	EndGlobalSection
	GlobalSection(SolutionProperties) = preSolution
		HideSolutionNode = FALSE
	EndGlobalSection
	GlobalSection(ExtensibilityGlobals) = postSolution
		SolutionGuid = {54A87EF8-F490-49EF-A066-8C854318ED43}
	EndGlobalSection
EndGlobal
